{
  "nodes": {
    "BlackHole": {
      "inputs": {
        "nixpkgs": [
          "nixpkgs"
        ]
      },
      "locked": {
        "lastModified": 1663525205,
        "narHash": "sha256-WpD0emnsWxdxioZnQEEjQKsG97YaoT4LOYEtIob+WV4=",
        "owner": "hiroqn",
        "repo": "nix-BlackHole",
        "rev": "7f4f7a4252ceca644c0bcdfac990fc6de16f68c9",
        "type": "github"
      },
      "original": {
        "owner": "hiroqn",
        "repo": "nix-BlackHole",
        "type": "github"
      }
    },
    "agent-skills": {
      "inputs": {
        "nixpkgs": "nixpkgs"
      },
      "locked": {
        "lastModified": 1789145426,
        "narHash": "sha256-Wf+7Qzt8+nz4TXPCbWnMjOAdzbVM6blW9J6JP+YhSy8=",
        "owner": "Kyure-A",
        "repo": "agent-skills-nix",
        "rev": "5133c874553c6c295654d8de4e3f62c95736b9c6",
        "type": "github"
      },
      "original": {
        "owner": "Kyure-A",
        "repo": "agent-skills-nix",
        "type": "github"
      }
    },
    "agent-toolkit-for-aws": {
      "flake": false,
      "locked": {
        "lastModified": 1789715577,
        "narHash": "sha256-zyaXiXIcsUYCHExF6UGmaFW8cIaKzCvFUJCIp6xvJtM=",
        "owner": "aws",
        "repo": "agent-toolkit-for-aws",
        "rev": "9dd9d8bbe14b1e2c569b36f7d463959ad6638436",
        "type": "github"
      },
      "original": {
        "owner": "aws",
        "repo": "agent-toolkit-for-aws",
        "type": "github"
      }
    },
    "anthropic-skills": {
      "flake": false,
      "locked": {
        "lastModified": 1789069448,
        "narHash": "sha256-tI4bTTBfI1ylltklGyiyA7pLoKXEWtrT6lrmwrpLbCw=",
        "owner": "anthropics",
        "repo": "skills",
        "rev": "34040c9c568585f6929bedeaad110ad08f079624",
        "type": "github"
      },
      "original": {
        "owner": "anthropics",
        "repo": "skills",
        "type": "github"
      }
    },
    "flake-parts": {
      "inputs": {
        "nixpkgs-lib": "nixpkgs-lib"
      },
      "locked": {
        "lastModified": 1788450739,
        "narHash": "sha256-glZLQlzIn1fXH6PazR2iUmTo7kzzyYSshrWhLS9TqCU=",
        "owner": "hercules-ci",
        "repo": "flake-parts",
        "rev": "31729ca8cbdb4fa927b34e5f4353e6a83f39e993",
        "type": "github"
      },
      "original": {
        "owner": "hercules-ci",
        "repo": "flake-parts",
        "type": "github"
      }
    },
    "home-manager": {
      "inputs": {
        "nixpkgs": [
          "nixpkgs"
        ]
      },
      "locked": {
        "lastModified": 1779506708,
        "narHash": "sha256-QOD/CNm196nCJRheux/URi4/HE66fthdOMqCJoPP1Y0=",
        "owner": "nix-community",
        "repo": "home-manager",
        "rev": "3ee51fbdac8c8bdfe1e7e1fcaba6520a563f394f",
        "type": "github"
      },
      "original": {
        "owner": "nix-community",
        "ref": "release-25.11",
        "repo": "home-manager",
        "type": "github"
      }
    },
    "k16shikano-japanese-tech-writing": {
      "flake": false,
      "locked": {
        "lastModified": 1788943331,
        "narHash": "sha256-jo1DvsAVIAKzurutp+T66kctgaFEe+sVbY9bf7wlCLM=",
        "ref": "refs/heads/main",
        "rev": "8f2d57610a73efc97d743c9b0b0ecb1002e09fa4",
        "revCount": 7,
        "type": "git",
        "url": "https://gist.github.com/fd287c3133457c4fd8f5601d34aa817d.git"
      },
      "original": {
        "type": "git",
        "url": "https://gist.github.com/fd287c3133457c4fd8f5601d34aa817d.git"
      }
    },
    "mattpocock-skills": {
      "flake": false,
      "locked": {
        "lastModified": 1789726349,
        "narHash": "sha256-L3CpIT2DeI+fUFl9fcygojtQo2DzEen69rMD1XqR1vM=",
        "owner": "mattpocock",
        "repo": "skills",
        "rev": "c55ee46073ed923f86ce59a5eb3b6d895095d1b7",
        "type": "github"
      },
      "original": {
        "owner": "mattpocock",
        "repo": "skills",
        "type": "github"
      }
    },
    "mizchi-skills": {
      "flake": false,
      "locked": {
        "lastModified": 1789838598,
        "narHash": "sha256-AmV5iFugsXg6JuvKjgxT6bF9J/OAgdQNodrbR6kEFpQ=",
        "owner": "mizchi",
        "repo": "skills",
        "rev": "a3f2f1bac20fc500c2688ffe6ca4ce048d0cfedc",
        "type": "github"
      },
      "original": {
        "owner": "mizchi",
        "repo": "skills",
        "type": "github"
      }
    },
    "nixlib": {
      "locked": {
        "lastModified": 1736643958,
        "narHash": "sha256-tmpqTSWVRJVhpvfSN9KXBvKEXplrwKnSZNAoNPf/S/s=",
        "owner": "nix-community",
        "repo": "nixpkgs.lib",
        "rev": "1418bc28a52126761c02dd3d89b2d8ca0f521181",
        "type": "github"
      },
      "original": {
        "owner": "nix-community",
        "repo": "nixpkgs.lib",
        "type": "github"
      }
    },
    "nixos-generators": {
      "inputs": {
        "nixlib": "nixlib",
        "nixpkgs": [
          "nixos-lima",
          "nixpkgs"
        ]
      },
      "locked": {
        "lastModified": 1769813415,
        "narHash": "sha256-nnVmNNKBi1YiBNPhKclNYDORoHkuKipoz7EtVnXO50A=",
        "owner": "nix-community",
        "repo": "nixos-generators",
        "rev": "8946737ff703382fda7623b9fab071d037e897d5",
        "type": "github"
      },
      "original": {
        "owner": "nix-community",
        "repo": "nixos-generators",
        "type": "github"
      }
    },
    "nixos-lima": {
      "inputs": {
        "nixos-generators": "nixos-generators",
        "nixpkgs": [
          "nixpkgs"
        ]
      },
      "locked": {
        "lastModified": 1783018601,
        "narHash": "sha256-vYqhiCrhVox8fRCzgE6KYBWZzgER7Xy5StQm6pLEEEY=",
        "owner": "nixos-lima",
        "repo": "nixos-lima",
        "rev": "c73437590c35a4bb836e028150ad69fda4414d56",
        "type": "github"
      },
      "original": {
        "owner": "nixos-lima",
        "repo": "nixos-lima",
        "type": "github"
      }
    },
    "nixpkgs": {
      "locked": {
        "lastModified": 1785571196,
        "narHash": "sha256-KoTsyMQqnXQZq8deCEnu4QkyldkwH/bpMMhUcfMdGIw=",
        "owner": "NixOS",
        "repo": "nixpkgs",
        "rev": "148bab9c1c3c53136ecb44a6ea356a0ed5b39b06",
        "type": "github"
      },
      "original": {
        "owner": "NixOS",
        "ref": "nixos-unstable",
        "repo": "nixpkgs",
        "type": "github"
      }
    },
    "nixpkgs-lib": {
      "locked": {
        "lastModified": 1788057806,
        "narHash": "sha256-DTQSMxzDWmT0zhguthvegnVkn7CFqGCv4IHCzk5ZUpM=",
        "owner": "nix-community",
        "repo": "nixpkgs.lib",
        "rev": "596e2e3940e09b2abbeb03f75fa1828c57fcd72c",
        "type": "github"
      },
      "original": {
        "owner": "nix-community",
        "repo": "nixpkgs.lib",
        "type": "github"
      }
    },
    "nixpkgs_2": {
      "locked": {
        "lastModified": 1782847189,
        "narHash": "sha256-twXPFqFsrrY5r28Zh7Homgcp2gUMBgQ6WDS98Q/3xFI=",
        "owner": "NixOS",
        "repo": "nixpkgs",
        "rev": "b6018f87da91d19d0ab4cf979885689b469cdd41",
        "type": "github"
      },
      "original": {
        "owner": "NixOS",
        "ref": "nixos-25.11",
        "repo": "nixpkgs",
        "type": "github"
      }
    },
    "root": {
      "inputs": {
        "BlackHole": "BlackHole",
        "agent-skills": "agent-skills",
        "agent-toolkit-for-aws": "agent-toolkit-for-aws",
        "anthropic-skills": "anthropic-skills",
        "flake-parts": "flake-parts",
        "home-manager": "home-manager",
        "k16shikano-japanese-tech-writing": "k16shikano-japanese-tech-writing",
        "mattpocock-skills": "mattpocock-skills",
        "mizchi-skills": "mizchi-skills",
        "nixos-lima": "nixos-lima",
        "nixpkgs": "nixpkgs_2",
        "superpowers": "superpowers",
        "treefmt-nix": "treefmt-nix"
      }
    },
    "superpowers": {
      "flake": false,
      "locked": {
        "lastModified": 1777932301,
        "narHash": "sha256-3E3rO6hR87JUfS3XV1Eaoz6SDWOftleWvN9UPNFEMjw=",
        "owner": "obra",
        "repo": "superpowers",
        "rev": "f2cbfbefebbfef77321e4c9abc9e949826bea9d7",
        "type": "github"
      },
      "original": {
        "owner": "obra",
        "ref": "v5.1.0",
        "repo": "superpowers",
        "type": "github"
      }
    },
    "treefmt-nix": {
      "inputs": {
        "nixpkgs": [
          "nixpkgs"
        ]
      },
      "locked": {
        "lastModified": 1786901030,
        "narHash": "sha256-WSFCsDSE5ffgD2MqzkM2CYjeFiKhRF/dJUN8uedb6YE=",
        "owner": "numtide",
        "repo": "treefmt-nix",
        "rev": "27b3b12a8e6375f28ebe122f07d230ca5459bbfa",
        "type": "github"
      },
      "original": {
        "owner": "numtide",
        "repo": "treefmt-nix",
        "type": "github"
      }
    }
  },
  "root": "root",
  "version": 7
}
