{
  "nodes": {
    "BlackHole": {
      "flake": false,
      "locked": {
        "lastModified": 1632474333,
        "narHash": "sha256-K48WpjmuwQb3ZwDCTX+XjgtuuPJeAymCSGh3qUxB6fw=",
        "owner": "hiroqn",
        "repo": "nix-BlackHole",
        "rev": "f5af8a4afb81fe499a78b81ab96b31797a97f45d",
        "type": "github"
      },
      "original": {
        "owner": "hiroqn",
        "repo": "nix-BlackHole",
        "type": "github"
      }
    },
    "darwin": {
      "inputs": {
        "nixpkgs": [
          "nixpkgs"
        ]
      },
      "locked": {
        "lastModified": 1635928774,
        "narHash": "sha256-NFGaijJIUUKDrVS2T4qAB2y4Myk4rkAHllmxzeiYqHI=",
        "owner": "hiroqn",
        "repo": "nix-darwin",
        "rev": "d6b135119068fd554bc84dc4c47b95006f4f1ee2",
        "type": "github"
      },
      "original": {
        "owner": "hiroqn",
        "ref": "master",
        "repo": "nix-darwin",
        "type": "github"
      }
    },
    "direnv": {
      "flake": false,
      "locked": {
        "lastModified": 1620576591,
        "narHash": "sha256-QCbkU9s5jgvujP7nqXom360FCx8IDewTKQYszlBwvVQ=",
        "owner": "ruicc",
        "repo": "direnv",
        "rev": "d52fcbb26b1de9092781000c0cfcea9b2da4c766",
        "type": "github"
      },
      "original": {
        "owner": "ruicc",
        "ref": "support-aliases",
        "repo": "direnv",
        "type": "github"
      }
    },
    "fenix": {
      "inputs": {
        "nixpkgs": "nixpkgs_2",
        "rust-analyzer-src": "rust-analyzer-src"
      },
      "locked": {
        "lastModified": 1643869431,
        "narHash": "sha256-M+khM8s4Kz70q1jCpNX+Cx/YH6cZnn32yCW4udZMCVk=",
        "owner": "nix-community",
        "repo": "fenix",
        "rev": "2d64d0c1941b2b82d938e82790ea0e692889c23b",
        "type": "github"
      },
      "original": {
        "owner": "nix-community",
        "repo": "fenix",
        "type": "github"
      }
    },
    "flake-utils": {
      "locked": {
        "lastModified": 1642700792,
        "narHash": "sha256-XqHrk7hFb+zBvRg6Ghl+AZDq03ov6OshJLiSWOoX5es=",
        "owner": "numtide",
        "repo": "flake-utils",
        "rev": "846b2ae0fc4cc943637d3d1def4454213e203cba",
        "type": "github"
      },
      "original": {
        "owner": "numtide",
        "repo": "flake-utils",
        "type": "github"
      }
    },
    "home-manager": {
      "inputs": {
        "nixpkgs": [
          "nixpkgs"
        ]
      },
      "locked": {
        "lastModified": 1642676973,
        "narHash": "sha256-bLQ6n0pXYaIuNSyJnm30JGCfjmuTi59qAmj8S2ExDXI=",
        "owner": "nix-community",
        "repo": "home-manager",
        "rev": "7eb5106548eaab99ebeb21c87f93092de54fe931",
        "type": "github"
      },
      "original": {
        "owner": "nix-community",
        "repo": "home-manager",
        "type": "github"
      }
    },
    "nixpkgs": {
      "locked": {
        "lastModified": 1642731654,
        "narHash": "sha256-GRPo/7SnNLTHmPTudFQTI+neO/z6HOKQzQGV5qoT6wE=",
        "owner": "nixos",
        "repo": "nixpkgs",
        "rev": "5d1520f3b6757fbddbab006e13ae291a417141aa",
        "type": "github"
      },
      "original": {
        "owner": "nixos",
        "ref": "nixpkgs-unstable",
        "repo": "nixpkgs",
        "type": "github"
      }
    },
    "nixpkgs-fmt": {
      "inputs": {
        "fenix": "fenix",
        "flake-utils": [
          "flake-utils"
        ],
        "nixpkgs": [
          "nixpkgs"
        ]
      },
      "locked": {
        "lastModified": 1639739626,
        "narHash": "sha256-HQHHONvnRQNbXaiWRzkFdV1uTmO2AUZ5JpErjCvEhVs=",
        "owner": "nix-community",
        "repo": "nixpkgs-fmt",
        "rev": "7a67b35f6afcf92aab23681522ea5fda2fd47231",
        "type": "github"
      },
      "original": {
        "owner": "nix-community",
        "repo": "nixpkgs-fmt",
        "type": "github"
      }
    },
    "nixpkgs_2": {
      "locked": {
        "lastModified": 1643805626,
        "narHash": "sha256-AXLDVMG+UaAGsGSpOtQHPIKB+IZ0KSd9WS77aanGzgc=",
        "owner": "nixos",
        "repo": "nixpkgs",
        "rev": "554d2d8aa25b6e583575459c297ec23750adb6cb",
        "type": "github"
      },
      "original": {
        "owner": "nixos",
        "ref": "nixos-unstable",
        "repo": "nixpkgs",
        "type": "github"
      }
    },
    "root": {
      "inputs": {
        "BlackHole": "BlackHole",
        "darwin": "darwin",
        "direnv": "direnv",
        "flake-utils": "flake-utils",
        "home-manager": "home-manager",
        "nixpkgs": "nixpkgs",
        "nixpkgs-fmt": "nixpkgs-fmt"
      }
    },
    "rust-analyzer-src": {
      "flake": false,
      "locked": {
        "lastModified": 1643802160,
        "narHash": "sha256-m3V0VU1M8k0NBYoLaQZFVZaejtfWn2kLLXxZNnHuujk=",
        "owner": "rust-analyzer",
        "repo": "rust-analyzer",
        "rev": "9cb6e3a190f7781cb7e243837b47e6889d204d52",
        "type": "github"
      },
      "original": {
        "owner": "rust-analyzer",
        "ref": "nightly",
        "repo": "rust-analyzer",
        "type": "github"
      }
    }
  },
  "root": "root",
  "version": 7
}
